<Solution>
  <Folder Name="/examples/">
    <Project Path="../../examples/csharp_display_example/DisplayExample.csproj" />
    <Project Path="../../examples/csharp_preferences_example/PreferencesExample.csproj" />
  </Folder>
  <Folder Name="/src/">
    <Project Path="src/CNativeAPI/CNativeAPI.csproj" />
    <Project Path="src/NativeAPI/NativeAPI.csproj" />
  </Folder>
  <Folder Name="/tests/">
    <Project Path="tests/NativeAPI.Tests/NativeAPI.Tests.csproj" />
  </Folder>
</Solution>
