PODS:
  - cnativeapi (0.0.1):
    - Flutter
  - Flutter (1.0.0)

DEPENDENCIES:
  - cnativeapi (from `.symlinks/plugins/cnativeapi/ios`)
  - Flutter (from `Flutter`)

EXTERNAL SOURCES:
  cnativeapi:
    :path: ".symlinks/plugins/cnativeapi/ios"
  Flutter:
    :path: Flutter

SPEC CHECKSUMS:
  cnativeapi: fa36f3a041ffa33506185dac4eb1499c94c35df8
  Flutter: cabc95a1d2626b1b06e7179b784ebcf0c0cde467

PODFILE CHECKSUM: 3c63482e143d1b91d2d2560aee9fb04ecc74ac7e

COCOAPODS: 1.16.2
